// !$*UTF8*$!
{
	archiveVersion = 1;
	classes = {
	};
	objectVersion = 46;
	objects = {

/* Begin PBXBuildFile section */
		1642A45685B942AD35D8291E /* Pods_TwitterDemoUITests.framework in Frameworks */ = {isa = PBXBuildFile; fileRef = 61B5660E0BDA121838206ECB /* Pods_TwitterDemoUITests.framework */; };
		16500ABFD812F93B94F79B34 /* Pods_TwitterDemoTests.framework in Frameworks */ = {isa = PBXBuildFile; fileRef = B3C4506E3195B397178B1776 /* Pods_TwitterDemoTests.framework */; };
		27663A281E6505E4004CC578 /* AppDelegate.swift in Sources */ = {isa = PBXBuildFile; fileRef = 27663A271E6505E4004CC578 /* AppDelegate.swift */; };
		27663A2A1E6505E4004CC578 /* ViewController.swift in Sources */ = {isa = PBXBuildFile; fileRef = 27663A291E6505E4004CC578 /* ViewController.swift */; };
		27663A2D1E6505E4004CC578 /* Main.storyboard in Resources */ = {isa = PBXBuildFile; fileRef = 27663A2B1E6505E4004CC578 /* Main.storyboard */; };
		27663A2F1E6505E4004CC578 /* Assets.xcassets in Resources */ = {isa = PBXBuildFile; fileRef = 27663A2E1E6505E4004CC578 /* Assets.xcassets */; };
		27663A321E6505E4004CC578 /* LaunchScreen.storyboard in Resources */ = {isa = PBXBuildFile; fileRef = 27663A301E6505E4004CC578 /* LaunchScreen.storyboard */; };
		27663A3D1E6505E4004CC578 /* TwitterDemoTests.swift in Sources */ = {isa = PBXBuildFile; fileRef = 27663A3C1E6505E4004CC578 /* TwitterDemoTests.swift */; };
		27663A481E6505E4004CC578 /* TwitterDemoUITests.swift in Sources */ = {isa = PBXBuildFile; fileRef = 27663A471E6505E4004CC578 /* TwitterDemoUITests.swift */; };
		27663A561E6506B2004CC578 /* LoginViewController.swift in Sources */ = {isa = PBXBuildFile; fileRef = 27663A551E6506B2004CC578 /* LoginViewController.swift */; };
		27663A5B1E651C30004CC578 /* User.swift in Sources */ = {isa = PBXBuildFile; fileRef = 27663A5A1E651C30004CC578 /* User.swift */; };
		27663A5D1E651C3A004CC578 /* Tweet.swift in Sources */ = {isa = PBXBuildFile; fileRef = 27663A5C1E651C3A004CC578 /* Tweet.swift */; };
		27663A611E65297A004CC578 /* TwitterClient.swift in Sources */ = {isa = PBXBuildFile; fileRef = 27663A601E65297A004CC578 /* TwitterClient.swift */; };
		27663A631E653840004CC578 /* TweetsViewController.swift in Sources */ = {isa = PBXBuildFile; fileRef = 27663A621E653840004CC578 /* TweetsViewController.swift */; };
		27663A651E65455F004CC578 /* TweetCell.swift in Sources */ = {isa = PBXBuildFile; fileRef = 27663A641E65455F004CC578 /* TweetCell.swift */; };
		B34C84F6B118A4EB0CD63442 /* Pods_TwitterDemo.framework in Frameworks */ = {isa = PBXBuildFile; fileRef = 9C0340FF729A127B0A8EE824 /* Pods_TwitterDemo.framework */; };
/* End PBXBuildFile section */

/* Begin PBXContainerItemProxy section */
		27663A391E6505E4004CC578 /* PBXContainerItemProxy */ = {
			isa = PBXContainerItemProxy;
			containerPortal = 27663A1C1E6505E4004CC578 /* Project object */;
			proxyType = 1;
			remoteGlobalIDString = 27663A231E6505E4004CC578;
			remoteInfo = TwitterDemo;
		};
		27663A441E6505E4004CC578 /* PBXContainerItemProxy */ = {
			isa = PBXContainerItemProxy;
			containerPortal = 27663A1C1E6505E4004CC578 /* Project object */;
			proxyType = 1;
			remoteGlobalIDString = 27663A231E6505E4004CC578;
			remoteInfo = TwitterDemo;
		};
/* End PBXContainerItemProxy section */

/* Begin PBXFileReference section */
		2281A3C8FE412205B2684527 /* Pods-TwitterDemo.debug.xcconfig */ = {isa = PBXFileReference; includeInIndex = 1; lastKnownFileType = text.xcconfig; name = "Pods-TwitterDemo.debug.xcconfig"; path = "Pods/Target Support Files/Pods-TwitterDemo/Pods-TwitterDemo.debug.xcconfig"; sourceTree = "<group>"; };
		27663A241E6505E4004CC578 /* TwitterDemo.app */ = {isa = PBXFileReference; explicitFileType = wrapper.application; includeInIndex = 0; path = TwitterDemo.app; sourceTree = BUILT_PRODUCTS_DIR; };
		27663A271E6505E4004CC578 /* AppDelegate.swift */ = {isa = PBXFileReference; lastKnownFileType = sourcecode.swift; path = AppDelegate.swift; sourceTree = "<group>"; };
		27663A291E6505E4004CC578 /* ViewController.swift */ = {isa = PBXFileReference; lastKnownFileType = sourcecode.swift; path = ViewController.swift; sourceTree = "<group>"; };
		27663A2C1E6505E4004CC578 /* Base */ = {isa = PBXFileReference; lastKnownFileType = file.storyboard; name = Base; path = Base.lproj/Main.storyboard; sourceTree = "<group>"; };
		27663A2E1E6505E4004CC578 /* Assets.xcassets */ = {isa = PBXFileReference; lastKnownFileType = folder.assetcatalog; path = Assets.xcassets; sourceTree = "<group>"; };
		27663A311E6505E4004CC578 /* Base */ = {isa = PBXFileReference; lastKnownFileType = file.storyboard; name = Base; path = Base.lproj/LaunchScreen.storyboard; sourceTree = "<group>"; };
		27663A331E6505E4004CC578 /* Info.plist */ = {isa = PBXFileReference; lastKnownFileType = text.plist.xml; path = Info.plist; sourceTree = "<group>"; };
		27663A381E6505E4004CC578 /* TwitterDemoTests.xctest */ = {isa = PBXFileReference; explicitFileType = wrapper.cfbundle; includeInIndex = 0; path = TwitterDemoTests.xctest; sourceTree = BUILT_PRODUCTS_DIR; };
		27663A3C1E6505E4004CC578 /* TwitterDemoTests.swift */ = {isa = PBXFileReference; lastKnownFileType = sourcecode.swift; path = TwitterDemoTests.swift; sourceTree = "<group>"; };
		27663A3E1E6505E4004CC578 /* Info.plist */ = {isa = PBXFileReference; lastKnownFileType = text.plist.xml; path = Info.plist; sourceTree = "<group>"; };
		27663A431E6505E4004CC578 /* TwitterDemoUITests.xctest */ = {isa = PBXFileReference; explicitFileType = wrapper.cfbundle; includeInIndex = 0; path = TwitterDemoUITests.xctest; sourceTree = BUILT_PRODUCTS_DIR; };
		27663A471E6505E4004CC578 /* TwitterDemoUITests.swift */ = {isa = PBXFileReference; lastKnownFileType = sourcecode.swift; path = TwitterDemoUITests.swift; sourceTree = "<group>"; };
		27663A491E6505E4004CC578 /* Info.plist */ = {isa = PBXFileReference; lastKnownFileType = text.plist.xml; path = Info.plist; sourceTree = "<group>"; };
		27663A551E6506B2004CC578 /* LoginViewController.swift */ = {isa = PBXFileReference; fileEncoding = 4; lastKnownFileType = sourcecode.swift; path = LoginViewController.swift; sourceTree = "<group>"; };
		27663A5A1E651C30004CC578 /* User.swift */ = {isa = PBXFileReference; fileEncoding = 4; lastKnownFileType = sourcecode.swift; path = User.swift; sourceTree = "<group>"; };
		27663A5C1E651C3A004CC578 /* Tweet.swift */ = {isa = PBXFileReference; fileEncoding = 4; lastKnownFileType = sourcecode.swift; path = Tweet.swift; sourceTree = "<group>"; };
		27663A601E65297A004CC578 /* TwitterClient.swift */ = {isa = PBXFileReference; fileEncoding = 4; lastKnownFileType = sourcecode.swift; path = TwitterClient.swift; sourceTree = "<group>"; };
		27663A621E653840004CC578 /* TweetsViewController.swift */ = {isa = PBXFileReference; fileEncoding = 4; lastKnownFileType = sourcecode.swift; path = TweetsViewController.swift; sourceTree = "<group>"; };
		27663A641E65455F004CC578 /* TweetCell.swift */ = {isa = PBXFileReference; fileEncoding = 4; lastKnownFileType = sourcecode.swift; path = TweetCell.swift; sourceTree = "<group>"; };
		61B5660E0BDA121838206ECB /* Pods_TwitterDemoUITests.framework */ = {isa = PBXFileReference; explicitFileType = wrapper.framework; includeInIndex = 0; path = Pods_TwitterDemoUITests.framework; sourceTree = BUILT_PRODUCTS_DIR; };
		75921626AA5E1213A6E7076B /* Pods-TwitterDemoUITests.release.xcconfig */ = {isa = PBXFileReference; includeInIndex = 1; lastKnownFileType = text.xcconfig; name = "Pods-TwitterDemoUITests.release.xcconfig"; path = "Pods/Target Support Files/Pods-TwitterDemoUITests/Pods-TwitterDemoUITests.release.xcconfig"; sourceTree = "<group>"; };
		78235BA3ECF1EAD404E7C6F4 /* Pods-TwitterDemoUITests.debug.xcconfig */ = {isa = PBXFileReference; includeInIndex = 1; lastKnownFileType = text.xcconfig; name = "Pods-TwitterDemoUITests.debug.xcconfig"; path = "Pods/Target Support Files/Pods-TwitterDemoUITests/Pods-TwitterDemoUITests.debug.xcconfig"; sourceTree = "<group>"; };
		8C484785F16DF2E73D29882C /* Pods-TwitterDemo.release.xcconfig */ = {isa = PBXFileReference; includeInIndex = 1; lastKnownFileType = text.xcconfig; name = "Pods-TwitterDemo.release.xcconfig"; path = "Pods/Target Support Files/Pods-TwitterDemo/Pods-TwitterDemo.release.xcconfig"; sourceTree = "<group>"; };
		9C0340FF729A127B0A8EE824 /* Pods_TwitterDemo.framework */ = {isa = PBXFileReference; explicitFileType = wrapper.framework; includeInIndex = 0; path = Pods_TwitterDemo.framework; sourceTree = BUILT_PRODUCTS_DIR; };
		9D37B5FD39D47007B9E6CB09 /* Pods-TwitterDemoTests.debug.xcconfig */ = {isa = PBXFileReference; includeInIndex = 1; lastKnownFileType = text.xcconfig; name = "Pods-TwitterDemoTests.debug.xcconfig"; path = "Pods/Target Support Files/Pods-TwitterDemoTests/Pods-TwitterDemoTests.debug.xcconfig"; sourceTree = "<group>"; };
		B3C4506E3195B397178B1776 /* Pods_TwitterDemoTests.framework */ = {isa = PBXFileReference; explicitFileType = wrapper.framework; includeInIndex = 0; path = Pods_TwitterDemoTests.framework; sourceTree = BUILT_PRODUCTS_DIR; };
		E96A16E56C1279EEE803C325 /* Pods-TwitterDemoTests.release.xcconfig */ = {isa = PBXFileReference; includeInIndex = 1; lastKnownFileType = text.xcconfig; name = "Pods-TwitterDemoTests.release.xcconfig"; path = "Pods/Target Support Files/Pods-TwitterDemoTests/Pods-TwitterDemoTests.release.xcconfig"; sourceTree = "<group>"; };
/* End PBXFileReference section */

/* Begin PBXFrameworksBuildPhase section */
		27663A211E6505E4004CC578 /* Frameworks */ = {
			isa = PBXFrameworksBuildPhase;
			buildActionMask = 2147483647;
			files = (
				B34C84F6B118A4EB0CD63442 /* Pods_TwitterDemo.framework in Frameworks */,
			);
			runOnlyForDeploymentPostprocessing = 0;
		};
		27663A351E6505E4004CC578 /* Frameworks */ = {
			isa = PBXFrameworksBuildPhase;
			buildActionMask = 2147483647;
			files = (
				16500ABFD812F93B94F79B34 /* Pods_TwitterDemoTests.framework in Frameworks */,
			);
			runOnlyForDeploymentPostprocessing = 0;
		};
		27663A401E6505E4004CC578 /* Frameworks */ = {
			isa = PBXFrameworksBuildPhase;
			buildActionMask = 2147483647;
			files = (
				1642A45685B942AD35D8291E /* Pods_TwitterDemoUITests.framework in Frameworks */,
			);
			runOnlyForDeploymentPostprocessing = 0;
		};
/* End PBXFrameworksBuildPhase section */

/* Begin PBXGroup section */
		27663A1B1E6505E4004CC578 = {
			isa = PBXGroup;
			children = (
				27663A261E6505E4004CC578 /* TwitterDemo */,
				27663A3B1E6505E4004CC578 /* TwitterDemoTests */,
				27663A461E6505E4004CC578 /* TwitterDemoUITests */,
				27663A251E6505E4004CC578 /* Products */,
				47D5CA508F699B04D79493CE /* Pods */,
				94630F4FA91AD2E6F85C7034 /* Frameworks */,
			);
			sourceTree = "<group>";
		};
		27663A251E6505E4004CC578 /* Products */ = {
			isa = PBXGroup;
			children = (
				27663A241E6505E4004CC578 /* TwitterDemo.app */,
				27663A381E6505E4004CC578 /* TwitterDemoTests.xctest */,
				27663A431E6505E4004CC578 /* TwitterDemoUITests.xctest */,
			);
			name = Products;
			sourceTree = "<group>";
		};
		27663A261E6505E4004CC578 /* TwitterDemo */ = {
			isa = PBXGroup;
			children = (
				27663A591E651C0F004CC578 /* API */,
				27663A581E651BFF004CC578 /* View Controlelrs */,
				27663A571E651BF8004CC578 /* Model */,
				27663A271E6505E4004CC578 /* AppDelegate.swift */,
				27663A2B1E6505E4004CC578 /* Main.storyboard */,
				27663A2E1E6505E4004CC578 /* Assets.xcassets */,
				27663A301E6505E4004CC578 /* LaunchScreen.storyboard */,
				27663A331E6505E4004CC578 /* Info.plist */,
			);
			path = TwitterDemo;
			sourceTree = "<group>";
		};
		27663A3B1E6505E4004CC578 /* TwitterDemoTests */ = {
			isa = PBXGroup;
			children = (
				27663A3C1E6505E4004CC578 /* TwitterDemoTests.swift */,
				27663A3E1E6505E4004CC578 /* Info.plist */,
			);
			path = TwitterDemoTests;
			sourceTree = "<group>";
		};
		27663A461E6505E4004CC578 /* TwitterDemoUITests */ = {
			isa = PBXGroup;
			children = (
				27663A471E6505E4004CC578 /* TwitterDemoUITests.swift */,
				27663A491E6505E4004CC578 /* Info.plist */,
			);
			path = TwitterDemoUITests;
			sourceTree = "<group>";
		};
		27663A571E651BF8004CC578 /* Model */ = {
			isa = PBXGroup;
			children = (
				27663A5A1E651C30004CC578 /* User.swift */,
				27663A5C1E651C3A004CC578 /* Tweet.swift */,
			);
			name = Model;
			sourceTree = "<group>";
		};
		27663A581E651BFF004CC578 /* View Controlelrs */ = {
			isa = PBXGroup;
			children = (
				27663A551E6506B2004CC578 /* LoginViewController.swift */,
				27663A291E6505E4004CC578 /* ViewController.swift */,
				27663A621E653840004CC578 /* TweetsViewController.swift */,
				27663A641E65455F004CC578 /* TweetCell.swift */,
			);
			name = "View Controlelrs";
			sourceTree = "<group>";
		};
		27663A591E651C0F004CC578 /* API */ = {
			isa = PBXGroup;
			children = (
				27663A601E65297A004CC578 /* TwitterClient.swift */,
			);
			name = API;
			sourceTree = "<group>";
		};
		47D5CA508F699B04D79493CE /* Pods */ = {
			isa = PBXGroup;
			children = (
				2281A3C8FE412205B2684527 /* Pods-TwitterDemo.debug.xcconfig */,
				8C484785F16DF2E73D29882C /* Pods-TwitterDemo.release.xcconfig */,
				9D37B5FD39D47007B9E6CB09 /* Pods-TwitterDemoTests.debug.xcconfig */,
				E96A16E56C1279EEE803C325 /* Pods-TwitterDemoTests.release.xcconfig */,
				78235BA3ECF1EAD404E7C6F4 /* Pods-TwitterDemoUITests.debug.xcconfig */,
				75921626AA5E1213A6E7076B /* Pods-TwitterDemoUITests.release.xcconfig */,
			);
			name = Pods;
			sourceTree = "<group>";
		};
		94630F4FA91AD2E6F85C7034 /* Frameworks */ = {
			isa = PBXGroup;
			children = (
				9C0340FF729A127B0A8EE824 /* Pods_TwitterDemo.framework */,
				B3C4506E3195B397178B1776 /* Pods_TwitterDemoTests.framework */,
				61B5660E0BDA121838206ECB /* Pods_TwitterDemoUITests.framework */,
			);
			name = Frameworks;
			sourceTree = "<group>";
		};
/* End PBXGroup section */

/* Begin PBXNativeTarget section */
		27663A231E6505E4004CC578 /* TwitterDemo */ = {
			isa = PBXNativeTarget;
			buildConfigurationList = 27663A4C1E6505E4004CC578 /* Build configuration list for PBXNativeTarget "TwitterDemo" */;
			buildPhases = (
				8E4DD991F8A08EBF513C0160 /* [CP] Check Pods Manifest.lock */,
				27663A201E6505E4004CC578 /* Sources */,
				27663A211E6505E4004CC578 /* Frameworks */,
				27663A221E6505E4004CC578 /* Resources */,
				3EA47AD9ED92A0E27383C1A9 /* [CP] Embed Pods Frameworks */,
				87DC91BA7297277023C25A27 /* [CP] Copy Pods Resources */,
			);
			buildRules = (
			);
			dependencies = (
			);
			name = TwitterDemo;
			productName = TwitterDemo;
			productReference = 27663A241E6505E4004CC578 /* TwitterDemo.app */;
			productType = "com.apple.product-type.application";
		};
		27663A371E6505E4004CC578 /* TwitterDemoTests */ = {
			isa = PBXNativeTarget;
			buildConfigurationList = 27663A4F1E6505E4004CC578 /* Build configuration list for PBXNativeTarget "TwitterDemoTests" */;
			buildPhases = (
				A780BD317686C87E14166298 /* [CP] Check Pods Manifest.lock */,
				27663A341E6505E4004CC578 /* Sources */,
				27663A351E6505E4004CC578 /* Frameworks */,
				27663A361E6505E4004CC578 /* Resources */,
				69AA42A14B8F64DC86F1A590 /* [CP] Embed Pods Frameworks */,
				C68EC80BFF24F5FA9D969A86 /* [CP] Copy Pods Resources */,
			);
			buildRules = (
			);
			dependencies = (
				27663A3A1E6505E4004CC578 /* PBXTargetDependency */,
			);
			name = TwitterDemoTests;
			productName = TwitterDemoTests;
			productReference = 27663A381E6505E4004CC578 /* TwitterDemoTests.xctest */;
			productType = "com.apple.product-type.bundle.unit-test";
		};
		27663A421E6505E4004CC578 /* TwitterDemoUITests */ = {
			isa = PBXNativeTarget;
			buildConfigurationList = 27663A521E6505E4004CC578 /* Build configuration list for PBXNativeTarget "TwitterDemoUITests" */;
			buildPhases = (
				FD25301DE3966EF2D1B38ED0 /* [CP] Check Pods Manifest.lock */,
				27663A3F1E6505E4004CC578 /* Sources */,
				27663A401E6505E4004CC578 /* Frameworks */,
				27663A411E6505E4004CC578 /* Resources */,
				043E0AD9B2DDF87CCB03D120 /* [CP] Embed Pods Frameworks */,
				CB045372CBBF7F4BCEAE85DD /* [CP] Copy Pods Resources */,
			);
			buildRules = (
			);
			dependencies = (
				27663A451E6505E4004CC578 /* PBXTargetDependency */,
			);
			name = TwitterDemoUITests;
			productName = TwitterDemoUITests;
			productReference = 27663A431E6505E4004CC578 /* TwitterDemoUITests.xctest */;
			productType = "com.apple.product-type.bundle.ui-testing";
		};
/* End PBXNativeTarget section */

/* Begin PBXProject section */
		27663A1C1E6505E4004CC578 /* Project object */ = {
			isa = PBXProject;
			attributes = {
				LastSwiftUpdateCheck = 0820;
				LastUpgradeCheck = 0820;
				ORGANIZATIONNAME = "Subhay Manandhar";
				TargetAttributes = {
					27663A231E6505E4004CC578 = {
						CreatedOnToolsVersion = 8.2.1;
						DevelopmentTeam = V42P5G2GZW;
						ProvisioningStyle = Automatic;
					};
					27663A371E6505E4004CC578 = {
						CreatedOnToolsVersion = 8.2.1;
						DevelopmentTeam = V42P5G2GZW;
						ProvisioningStyle = Automatic;
						TestTargetID = 27663A231E6505E4004CC578;
					};
					27663A421E6505E4004CC578 = {
						CreatedOnToolsVersion = 8.2.1;
						DevelopmentTeam = V42P5G2GZW;
						ProvisioningStyle = Automatic;
						TestTargetID = 27663A231E6505E4004CC578;
					};
				};
			};
			buildConfigurationList = 27663A1F1E6505E4004CC578 /* Build configuration list for PBXProject "TwitterDemo" */;
			compatibilityVersion = "Xcode 3.2";
			developmentRegion = English;
			hasScannedForEncodings = 0;
			knownRegions = (
				en,
				Base,
			);
			mainGroup = 27663A1B1E6505E4004CC578;
			productRefGroup = 27663A251E6505E4004CC578 /* Products */;
			projectDirPath = "";
			projectRoot = "";
			targets = (
				27663A231E6505E4004CC578 /* TwitterDemo */,
				27663A371E6505E4004CC578 /* TwitterDemoTests */,
				27663A421E6505E4004CC578 /* TwitterDemoUITests */,
			);
		};
/* End PBXProject section */

/* Begin PBXResourcesBuildPhase section */
		27663A221E6505E4004CC578 /* Resources */ = {
			isa = PBXResourcesBuildPhase;
			buildActionMask = 2147483647;
			files = (
				27663A321E6505E4004CC578 /* LaunchScreen.storyboard in Resources */,
				27663A2F1E6505E4004CC578 /* Assets.xcassets in Resources */,
				27663A2D1E6505E4004CC578 /* Main.storyboard in Resources */,
			);
			runOnlyForDeploymentPostprocessing = 0;
		};
		27663A361E6505E4004CC578 /* Resources */ = {
			isa = PBXResourcesBuildPhase;
			buildActionMask = 2147483647;
			files = (
			);
			runOnlyForDeploymentPostprocessing = 0;
		};
		27663A411E6505E4004CC578 /* Resources */ = {
			isa = PBXResourcesBuildPhase;
			buildActionMask = 2147483647;
			files = (
			);
			runOnlyForDeploymentPostprocessing = 0;
		};
/* End PBXResourcesBuildPhase section */

/* Begin PBXShellScriptBuildPhase section */
		043E0AD9B2DDF87CCB03D120 /* [CP] Embed Pods Frameworks */ = {
			isa = PBXShellScriptBuildPhase;
			buildActionMask = 2147483647;
			files = (
			);
			inputPaths = (
			);
			name = "[CP] Embed Pods Frameworks";
			outputPaths = (
			);
			runOnlyForDeploymentPostprocessing = 0;
			shellPath = /bin/sh;
			shellScript = "\"${SRCROOT}/Pods/Target Support Files/Pods-TwitterDemoUITests/Pods-TwitterDemoUITests-frameworks.sh\"\n";
			showEnvVarsInLog = 0;
		};
		3EA47AD9ED92A0E27383C1A9 /* [CP] Embed Pods Frameworks */ = {
			isa = PBXShellScriptBuildPhase;
			buildActionMask = 2147483647;
			files = (
			);
			inputPaths = (
			);
			name = "[CP] Embed Pods Frameworks";
			outputPaths = (
			);
			runOnlyForDeploymentPostprocessing = 0;
			shellPath = /bin/sh;
			shellScript = "\"${SRCROOT}/Pods/Target Support Files/Pods-TwitterDemo/Pods-TwitterDemo-frameworks.sh\"\n";
			showEnvVarsInLog = 0;
		};
		69AA42A14B8F64DC86F1A590 /* [CP] Embed Pods Frameworks */ = {
			isa = PBXShellScriptBuildPhase;
			buildActionMask = 2147483647;
			files = (
			);
			inputPaths = (
			);
			name = "[CP] Embed Pods Frameworks";
			outputPaths = (
			);
			runOnlyForDeploymentPostprocessing = 0;
			shellPath = /bin/sh;
			shellScript = "\"${SRCROOT}/Pods/Target Support Files/Pods-TwitterDemoTests/Pods-TwitterDemoTests-frameworks.sh\"\n";
			showEnvVarsInLog = 0;
		};
		87DC91BA7297277023C25A27 /* [CP] Copy Pods Resources */ = {
			isa = PBXShellScriptBuildPhase;
			buildActionMask = 2147483647;
			files = (
			);
			inputPaths = (
			);
			name = "[CP] Copy Pods Resources";
			outputPaths = (
			);
			runOnlyForDeploymentPostprocessing = 0;
			shellPath = /bin/sh;
			shellScript = "\"${SRCROOT}/Pods/Target Support Files/Pods-TwitterDemo/Pods-TwitterDemo-resources.sh\"\n";
			showEnvVarsInLog = 0;
		};
		8E4DD991F8A08EBF513C0160 /* [CP] Check Pods Manifest.lock */ = {
			isa = PBXShellScriptBuildPhase;
			buildActionMask = 2147483647;
			files = (
			);
			inputPaths = (
			);
			name = "[CP] Check Pods Manifest.lock";
			outputPaths = (
			);
			runOnlyForDeploymentPostprocessing = 0;
			shellPath = /bin/sh;
			shellScript = "diff \"${PODS_ROOT}/../Podfile.lock\" \"${PODS_ROOT}/Manifest.lock\" > /dev/null\nif [ $? != 0 ] ; then\n    # print error to STDERR\n    echo \"error: The sandbox is not in sync with the Podfile.lock. Run 'pod install' or update your CocoaPods installation.\" >&2\n    exit 1\nfi\n";
			showEnvVarsInLog = 0;
		};
		A780BD317686C87E14166298 /* [CP] Check Pods Manifest.lock */ = {
			isa = PBXShellScriptBuildPhase;
			buildActionMask = 2147483647;
			files = (
			);
			inputPaths = (
			);
			name = "[CP] Check Pods Manifest.lock";
			outputPaths = (
			);
			runOnlyForDeploymentPostprocessing = 0;
			shellPath = /bin/sh;
			shellScript = "diff \"${PODS_ROOT}/../Podfile.lock\" \"${PODS_ROOT}/Manifest.lock\" > /dev/null\nif [ $? != 0 ] ; then\n    # print error to STDERR\n    echo \"error: The sandbox is not in sync with the Podfile.lock. Run 'pod install' or update your CocoaPods installation.\" >&2\n    exit 1\nfi\n";
			showEnvVarsInLog = 0;
		};
		C68EC80BFF24F5FA9D969A86 /* [CP] Copy Pods Resources */ = {
			isa = PBXShellScriptBuildPhase;
			buildActionMask = 2147483647;
			files = (
			);
			inputPaths = (
			);
			name = "[CP] Copy Pods Resources";
			outputPaths = (
			);
			runOnlyForDeploymentPostprocessing = 0;
			shellPath = /bin/sh;
			shellScript = "\"${SRCROOT}/Pods/Target Support Files/Pods-TwitterDemoTests/Pods-TwitterDemoTests-resources.sh\"\n";
			showEnvVarsInLog = 0;
		};
		CB045372CBBF7F4BCEAE85DD /* [CP] Copy Pods Resources */ = {
			isa = PBXShellScriptBuildPhase;
			buildActionMask = 2147483647;
			files = (
			);
			inputPaths = (
			);
			name = "[CP] Copy Pods Resources";
			outputPaths = (
			);
			runOnlyForDeploymentPostprocessing = 0;
			shellPath = /bin/sh;
			shellScript = "\"${SRCROOT}/Pods/Target Support Files/Pods-TwitterDemoUITests/Pods-TwitterDemoUITests-resources.sh\"\n";
			showEnvVarsInLog = 0;
		};
		FD25301DE3966EF2D1B38ED0 /* [CP] Check Pods Manifest.lock */ = {
			isa = PBXShellScriptBuildPhase;
			buildActionMask = 2147483647;
			files = (
			);
			inputPaths = (
			);
			name = "[CP] Check Pods Manifest.lock";
			outputPaths = (
			);
			runOnlyForDeploymentPostprocessing = 0;
			shellPath = /bin/sh;
			shellScript = "diff \"${PODS_ROOT}/../Podfile.lock\" \"${PODS_ROOT}/Manifest.lock\" > /dev/null\nif [ $? != 0 ] ; then\n    # print error to STDERR\n    echo \"error: The sandbox is not in sync with the Podfile.lock. Run 'pod install' or update your CocoaPods installation.\" >&2\n    exit 1\nfi\n";
			showEnvVarsInLog = 0;
		};
/* End PBXShellScriptBuildPhase section */

/* Begin PBXSourcesBuildPhase section */
		27663A201E6505E4004CC578 /* Sources */ = {
			isa = PBXSourcesBuildPhase;
			buildActionMask = 2147483647;
			files = (
				27663A5B1E651C30004CC578 /* User.swift in Sources */,
				27663A5D1E651C3A004CC578 /* Tweet.swift in Sources */,
				27663A561E6506B2004CC578 /* LoginViewController.swift in Sources */,
				27663A651E65455F004CC578 /* TweetCell.swift in Sources */,
				27663A2A1E6505E4004CC578 /* ViewController.swift in Sources */,
				27663A631E653840004CC578 /* TweetsViewController.swift in Sources */,
				27663A611E65297A004CC578 /* TwitterClient.swift in Sources */,
				27663A281E6505E4004CC578 /* AppDelegate.swift in Sources */,
			);
			runOnlyForDeploymentPostprocessing = 0;
		};
		27663A341E6505E4004CC578 /* Sources */ = {
			isa = PBXSourcesBuildPhase;
			buildActionMask = 2147483647;
			files = (
				27663A3D1E6505E4004CC578 /* TwitterDemoTests.swift in Sources */,
			);
			runOnlyForDeploymentPostprocessing = 0;
		};
		27663A3F1E6505E4004CC578 /* Sources */ = {
			isa = PBXSourcesBuildPhase;
			buildActionMask = 2147483647;
			files = (
				27663A481E6505E4004CC578 /* TwitterDemoUITests.swift in Sources */,
			);
			runOnlyForDeploymentPostprocessing = 0;
		};
/* End PBXSourcesBuildPhase section */

/* Begin PBXTargetDependency section */
		27663A3A1E6505E4004CC578 /* PBXTargetDependency */ = {
			isa = PBXTargetDependency;
			target = 27663A231E6505E4004CC578 /* TwitterDemo */;
			targetProxy = 27663A391E6505E4004CC578 /* PBXContainerItemProxy */;
		};
		27663A451E6505E4004CC578 /* PBXTargetDependency */ = {
			isa = PBXTargetDependency;
			target = 27663A231E6505E4004CC578 /* TwitterDemo */;
			targetProxy = 27663A441E6505E4004CC578 /* PBXContainerItemProxy */;
		};
/* End PBXTargetDependency section */

/* Begin PBXVariantGroup section */
		27663A2B1E6505E4004CC578 /* Main.storyboard */ = {
			isa = PBXVariantGroup;
			children = (
				27663A2C1E6505E4004CC578 /* Base */,
			);
			name = Main.storyboard;
			sourceTree = "<group>";
		};
		27663A301E6505E4004CC578 /* LaunchScreen.storyboard */ = {
			isa = PBXVariantGroup;
			children = (
				27663A311E6505E4004CC578 /* Base */,
			);
			name = LaunchScreen.storyboard;
			sourceTree = "<group>";
		};
/* End PBXVariantGroup section */

/* Begin XCBuildConfiguration section */
		27663A4A1E6505E4004CC578 /* Debug */ = {
			isa = XCBuildConfiguration;
			buildSettings = {
				ALWAYS_SEARCH_USER_PATHS = NO;
				CLANG_ANALYZER_NONNULL = YES;
				CLANG_CXX_LANGUAGE_STANDARD = "gnu++0x";
				CLANG_CXX_LIBRARY = "libc++";
				CLANG_ENABLE_MODULES = YES;
				CLANG_ENABLE_OBJC_ARC = YES;
				CLANG_WARN_BOOL_CONVERSION = YES;
				CLANG_WARN_CONSTANT_CONVERSION = YES;
				CLANG_WARN_DIRECT_OBJC_ISA_USAGE = YES_ERROR;
				CLANG_WARN_DOCUMENTATION_COMMENTS = YES;
				CLANG_WARN_EMPTY_BODY = YES;
				CLANG_WARN_ENUM_CONVERSION = YES;
				CLANG_WARN_INFINITE_RECURSION = YES;
				CLANG_WARN_INT_CONVERSION = YES;
				CLANG_WARN_OBJC_ROOT_CLASS = YES_ERROR;
				CLANG_WARN_SUSPICIOUS_MOVE = YES;
				CLANG_WARN_UNREACHABLE_CODE = YES;
				CLANG_WARN__DUPLICATE_METHOD_MATCH = YES;
				"CODE_SIGN_IDENTITY[sdk=iphoneos*]" = "iPhone Developer";
				COPY_PHASE_STRIP = NO;
				DEBUG_INFORMATION_FORMAT = dwarf;
				ENABLE_STRICT_OBJC_MSGSEND = YES;
				ENABLE_TESTABILITY = YES;
				GCC_C_LANGUAGE_STANDARD = gnu99;
				GCC_DYNAMIC_NO_PIC = NO;
				GCC_NO_COMMON_BLOCKS = YES;
				GCC_OPTIMIZATION_LEVEL = 0;
				GCC_PREPROCESSOR_DEFINITIONS = (
					"DEBUG=1",
					"$(inherited)",
				);
				GCC_WARN_64_TO_32_BIT_CONVERSION = YES;
				GCC_WARN_ABOUT_RETURN_TYPE = YES_ERROR;
				GCC_WARN_UNDECLARED_SELECTOR = YES;
				GCC_WARN_UNINITIALIZED_AUTOS = YES_AGGRESSIVE;
				GCC_WARN_UNUSED_FUNCTION = YES;
				GCC_WARN_UNUSED_VARIABLE = YES;
				IPHONEOS_DEPLOYMENT_TARGET = 10.2;
				MTL_ENABLE_DEBUG_INFO = YES;
				ONLY_ACTIVE_ARCH = YES;
				SDKROOT = iphoneos;
				SWIFT_ACTIVE_COMPILATION_CONDITIONS = DEBUG;
				SWIFT_OPTIMIZATION_LEVEL = "-Onone";
				TARGETED_DEVICE_FAMILY = "1,2";
			};
			name = Debug;
		};
		27663A4B1E6505E4004CC578 /* Release */ = {
			isa = XCBuildConfiguration;
			buildSettings = {
				ALWAYS_SEARCH_USER_PATHS = NO;
				CLANG_ANALYZER_NONNULL = YES;
				CLANG_CXX_LANGUAGE_STANDARD = "gnu++0x";
				CLANG_CXX_LIBRARY = "libc++";
				CLANG_ENABLE_MODULES = YES;
				CLANG_ENABLE_OBJC_ARC = YES;
				CLANG_WARN_BOOL_CONVERSION = YES;
				CLANG_WARN_CONSTANT_CONVERSION = YES;
				CLANG_WARN_DIRECT_OBJC_ISA_USAGE = YES_ERROR;
				CLANG_WARN_DOCUMENTATION_COMMENTS = YES;
				CLANG_WARN_EMPTY_BODY = YES;
				CLANG_WARN_ENUM_CONVERSION = YES;
				CLANG_WARN_INFINITE_RECURSION = YES;
				CLANG_WARN_INT_CONVERSION = YES;
				CLANG_WARN_OBJC_ROOT_CLASS = YES_ERROR;
				CLANG_WARN_SUSPICIOUS_MOVE = YES;
				CLANG_WARN_UNREACHABLE_CODE = YES;
				CLANG_WARN__DUPLICATE_METHOD_MATCH = YES;
				"CODE_SIGN_IDENTITY[sdk=iphoneos*]" = "iPhone Developer";
				COPY_PHASE_STRIP = NO;
				DEBUG_INFORMATION_FORMAT = "dwarf-with-dsym";
				ENABLE_NS_ASSERTIONS = NO;
				ENABLE_STRICT_OBJC_MSGSEND = YES;
				GCC_C_LANGUAGE_STANDARD = gnu99;
				GCC_NO_COMMON_BLOCKS = YES;
				GCC_WARN_64_TO_32_BIT_CONVERSION = YES;
				GCC_WARN_ABOUT_RETURN_TYPE = YES_ERROR;
				GCC_WARN_UNDECLARED_SELECTOR = YES;
				GCC_WARN_UNINITIALIZED_AUTOS = YES_AGGRESSIVE;
				GCC_WARN_UNUSED_FUNCTION = YES;
				GCC_WARN_UNUSED_VARIABLE = YES;
				IPHONEOS_DEPLOYMENT_TARGET = 10.2;
				MTL_ENABLE_DEBUG_INFO = NO;
				SDKROOT = iphoneos;
				SWIFT_OPTIMIZATION_LEVEL = "-Owholemodule";
				TARGETED_DEVICE_FAMILY = "1,2";
				VALIDATE_PRODUCT = YES;
			};
			name = Release;
		};
		27663A4D1E6505E4004CC578 /* Debug */ = {
			isa = XCBuildConfiguration;
			baseConfigurationReference = 2281A3C8FE412205B2684527 /* Pods-TwitterDemo.debug.xcconfig */;
			buildSettings = {
				ASSETCATALOG_COMPILER_APPICON_NAME = AppIcon;
				DEVELOPMENT_TEAM = V42P5G2GZW;
				INFOPLIST_FILE = TwitterDemo/Info.plist;
				LD_RUNPATH_SEARCH_PATHS = "$(inherited) @executable_path/Frameworks";
				PRODUCT_BUNDLE_IDENTIFIER = com.example.TwitterDemo;
				PRODUCT_NAME = "$(TARGET_NAME)";
				SWIFT_VERSION = 3.0;
			};
			name = Debug;
		};
		27663A4E1E6505E4004CC578 /* Release */ = {
			isa = XCBuildConfiguration;
			baseConfigurationReference = 8C484785F16DF2E73D29882C /* Pods-TwitterDemo.release.xcconfig */;
			buildSettings = {
				ASSETCATALOG_COMPILER_APPICON_NAME = AppIcon;
				DEVELOPMENT_TEAM = V42P5G2GZW;
				INFOPLIST_FILE = TwitterDemo/Info.plist;
				LD_RUNPATH_SEARCH_PATHS = "$(inherited) @executable_path/Frameworks";
				PRODUCT_BUNDLE_IDENTIFIER = com.example.TwitterDemo;
				PRODUCT_NAME = "$(TARGET_NAME)";
				SWIFT_VERSION = 3.0;
			};
			name = Release;
		};
		27663A501E6505E4004CC578 /* Debug */ = {
			isa = XCBuildConfiguration;
			baseConfigurationReference = 9D37B5FD39D47007B9E6CB09 /* Pods-TwitterDemoTests.debug.xcconfig */;
			buildSettings = {
				ALWAYS_EMBED_SWIFT_STANDARD_LIBRARIES = YES;
				BUNDLE_LOADER = "$(TEST_HOST)";
				DEVELOPMENT_TEAM = V42P5G2GZW;
				INFOPLIST_FILE = TwitterDemoTests/Info.plist;
				LD_RUNPATH_SEARCH_PATHS = "$(inherited) @executable_path/Frameworks @loader_path/Frameworks";
				PRODUCT_BUNDLE_IDENTIFIER = com.example.TwitterDemoTests;
				PRODUCT_NAME = "$(TARGET_NAME)";
				SWIFT_VERSION = 3.0;
				TEST_HOST = "$(BUILT_PRODUCTS_DIR)/TwitterDemo.app/TwitterDemo";
			};
			name = Debug;
		};
		27663A511E6505E4004CC578 /* Release */ = {
			isa = XCBuildConfiguration;
			baseConfigurationReference = E96A16E56C1279EEE803C325 /* Pods-TwitterDemoTests.release.xcconfig */;
			buildSettings = {
				ALWAYS_EMBED_SWIFT_STANDARD_LIBRARIES = YES;
				BUNDLE_LOADER = "$(TEST_HOST)";
				DEVELOPMENT_TEAM = V42P5G2GZW;
				INFOPLIST_FILE = TwitterDemoTests/Info.plist;
				LD_RUNPATH_SEARCH_PATHS = "$(inherited) @executable_path/Frameworks @loader_path/Frameworks";
				PRODUCT_BUNDLE_IDENTIFIER = com.example.TwitterDemoTests;
				PRODUCT_NAME = "$(TARGET_NAME)";
				SWIFT_VERSION = 3.0;
				TEST_HOST = "$(BUILT_PRODUCTS_DIR)/TwitterDemo.app/TwitterDemo";
			};
			name = Release;
		};
		27663A531E6505E4004CC578 /* Debug */ = {
			isa = XCBuildConfiguration;
			baseConfigurationReference = 78235BA3ECF1EAD404E7C6F4 /* Pods-TwitterDemoUITests.debug.xcconfig */;
			buildSettings = {
				ALWAYS_EMBED_SWIFT_STANDARD_LIBRARIES = YES;
				DEVELOPMENT_TEAM = V42P5G2GZW;
				INFOPLIST_FILE = TwitterDemoUITests/Info.plist;
				LD_RUNPATH_SEARCH_PATHS = "$(inherited) @executable_path/Frameworks @loader_path/Frameworks";
				PRODUCT_BUNDLE_IDENTIFIER = com.example.TwitterDemoUITests;
				PRODUCT_NAME = "$(TARGET_NAME)";
				SWIFT_VERSION = 3.0;
				TEST_TARGET_NAME = TwitterDemo;
			};
			name = Debug;
		};
		27663A541E6505E4004CC578 /* Release */ = {
			isa = XCBuildConfiguration;
			baseConfigurationReference = 75921626AA5E1213A6E7076B /* Pods-TwitterDemoUITests.release.xcconfig */;
			buildSettings = {
				ALWAYS_EMBED_SWIFT_STANDARD_LIBRARIES = YES;
				DEVELOPMENT_TEAM = V42P5G2GZW;
				INFOPLIST_FILE = TwitterDemoUITests/Info.plist;
				LD_RUNPATH_SEARCH_PATHS = "$(inherited) @executable_path/Frameworks @loader_path/Frameworks";
				PRODUCT_BUNDLE_IDENTIFIER = com.example.TwitterDemoUITests;
				PRODUCT_NAME = "$(TARGET_NAME)";
				SWIFT_VERSION = 3.0;
				TEST_TARGET_NAME = TwitterDemo;
			};
			name = Release;
		};
/* End XCBuildConfiguration section */

/* Begin XCConfigurationList section */
		27663A1F1E6505E4004CC578 /* Build configuration list for PBXProject "TwitterDemo" */ = {
			isa = XCConfigurationList;
			buildConfigurations = (
				27663A4A1E6505E4004CC578 /* Debug */,
				27663A4B1E6505E4004CC578 /* Release */,
			);
			defaultConfigurationIsVisible = 0;
			defaultConfigurationName = Release;
		};
		27663A4C1E6505E4004CC578 /* Build configuration list for PBXNativeTarget "TwitterDemo" */ = {
			isa = XCConfigurationList;
			buildConfigurations = (
				27663A4D1E6505E4004CC578 /* Debug */,
				27663A4E1E6505E4004CC578 /* Release */,
			);
			defaultConfigurationIsVisible = 0;
			defaultConfigurationName = Release;
		};
		27663A4F1E6505E4004CC578 /* Build configuration list for PBXNativeTarget "TwitterDemoTests" */ = {
			isa = XCConfigurationList;
			buildConfigurations = (
				27663A501E6505E4004CC578 /* Debug */,
				27663A511E6505E4004CC578 /* Release */,
			);
			defaultConfigurationIsVisible = 0;
			defaultConfigurationName = Release;
		};
		27663A521E6505E4004CC578 /* Build configuration list for PBXNativeTarget "TwitterDemoUITests" */ = {
			isa = XCConfigurationList;
			buildConfigurations = (
				27663A531E6505E4004CC578 /* Debug */,
				27663A541E6505E4004CC578 /* Release */,
			);
			defaultConfigurationIsVisible = 0;
			defaultConfigurationName = Release;
		};
/* End XCConfigurationList section */
	};
	rootObject = 27663A1C1E6505E4004CC578 /* Project object */;
}
